
Microsoft Visual Studio Solution File, Format Version 12.00
# Visual Studio Version 17
VisualStudioVersion = 17.3.32825.248
MinimumVisualStudioVersion = 10.0.40219.1
Project("{FAE04EC0-301F-11D3-BF4B-00C04F79EFBC}") = "J1ProblemJigar", "J1ProblemJigar\J1ProblemJigar.csproj", "{AA59984B-0505-4EAF-996C-1CC11643E76E}"
EndProject
Global
	GlobalSection(SolutionConfigurationPlatforms) = preSolution
		Debug|Any CPU = Debug|Any CPU
		Release|Any CPU = Release|Any CPU
	EndGlobalSection
	GlobalSection(ProjectConfigurationPlatforms) = postSolution
		{AA59984B-0505-4EAF-996C-1CC11643E76E}.Debug|Any CPU.ActiveCfg = Debug|Any CPU
		{AA59984B-0505-4EAF-996C-1CC11643E76E}.Debug|Any CPU.Build.0 = Debug|Any CPU
		{AA59984B-0505-4EAF-996C-1CC11643E76E}.Release|Any CPU.ActiveCfg = Release|Any CPU
		{AA59984B-0505-4EAF-996C-1CC11643E76E}.Release|Any CPU.Build.0 = Release|Any CPU
	EndGlobalSection
	GlobalSection(SolutionProperties) = preSolution
		HideSolutionNode = FALSE
	EndGlobalSection
	GlobalSection(ExtensibilityGlobals) = postSolution
		SolutionGuid = {14D4BE06-FC0F-47D2-A7CC-FC258A7356A1}
	EndGlobalSection
EndGlobal
